// !$*UTF8*$!
{
	archiveVersion = 1;
	classes = {
	};
	objectVersion = 51;
	objects = {

/* Begin PBXBuildFile section */
		842828A4241A860D00942584 /* AttendanceResponse.swift in Sources */ = {isa = PBXBuildFile; fileRef = 842828A3241A860D00942584 /* AttendanceResponse.swift */; };
		842FDEF624176ECC00E17C70 /* PayslipsViewController.swift in Sources */ = {isa = PBXBuildFile; fileRef = 842FDEF524176ECC00E17C70 /* PayslipsViewController.swift */; };
		842FDEF824176EEC00E17C70 /* PayslipDetailViewController.swift in Sources */ = {isa = PBXBuildFile; fileRef = 842FDEF724176EEC00E17C70 /* PayslipDetailViewController.swift */; };
		842FDEFA24176F3800E17C70 /* LeaveApprovalViewController.swift in Sources */ = {isa = PBXBuildFile; fileRef = 842FDEF924176F3800E17C70 /* LeaveApprovalViewController.swift */; };
		842FDEFC2417710800E17C70 /* AttendanceViewController.swift in Sources */ = {isa = PBXBuildFile; fileRef = 842FDEFB2417710800E17C70 /* AttendanceViewController.swift */; };
		843C882A241F22260051A71B /* LeaveApprovalListResponse.swift in Sources */ = {isa = PBXBuildFile; fileRef = 843C8829241F22260051A71B /* LeaveApprovalListResponse.swift */; };
		8451D3CB241B2BCF00FE9500 /* PayslipResponse.swift in Sources */ = {isa = PBXBuildFile; fileRef = 8451D3CA241B2BCF00FE9500 /* PayslipResponse.swift */; };
		8451D3CD241B467B00FE9500 /* PayslipDetailResponse.swift in Sources */ = {isa = PBXBuildFile; fileRef = 8451D3CC241B467B00FE9500 /* PayslipDetailResponse.swift */; };
		8466E7F0241D527000FCFD4D /* SiginResponse.swift in Sources */ = {isa = PBXBuildFile; fileRef = 8466E7EF241D527000FCFD4D /* SiginResponse.swift */; };
		846DA9822414C9BD003F7071 /* LeaveRequestViewController.swift in Sources */ = {isa = PBXBuildFile; fileRef = 846DA9812414C9BD003F7071 /* LeaveRequestViewController.swift */; };
		846DA9842414C9E4003F7071 /* ProfileViewController.swift in Sources */ = {isa = PBXBuildFile; fileRef = 846DA9832414C9E4003F7071 /* ProfileViewController.swift */; };
		846DA98A2414CDAD003F7071 /* API.swift in Sources */ = {isa = PBXBuildFile; fileRef = 846DA9892414CDAD003F7071 /* API.swift */; };
		846DA98C2414CDB8003F7071 /* Routes.swift in Sources */ = {isa = PBXBuildFile; fileRef = 846DA98B2414CDB8003F7071 /* Routes.swift */; };
		846DA98F24154993003F7071 /* LeaveApproval.storyboard in Resources */ = {isa = PBXBuildFile; fileRef = 846DA98E24154993003F7071 /* LeaveApproval.storyboard */; };
		846DA9942415588C003F7071 /* Attendance.storyboard in Resources */ = {isa = PBXBuildFile; fileRef = 846DA9932415588C003F7071 /* Attendance.storyboard */; };
		8472F9E224167BAA00819251 /* CustomAlertView.xib in Resources */ = {isa = PBXBuildFile; fileRef = 8472F9E024167BAA00819251 /* CustomAlertView.xib */; };
		8472F9E42416947F00819251 /* CustomAlertView.swift in Sources */ = {isa = PBXBuildFile; fileRef = 8472F9E32416947F00819251 /* CustomAlertView.swift */; };
		847D3C8F2419DD6A00D11E4D /* DashboardResponse.swift in Sources */ = {isa = PBXBuildFile; fileRef = 847D3C8E2419DD6A00D11E4D /* DashboardResponse.swift */; };
		847D3C912419DEF400D11E4D /* DataFetcher.swift in Sources */ = {isa = PBXBuildFile; fileRef = 847D3C902419DEF400D11E4D /* DataFetcher.swift */; };
		847D3C942419F73D00D11E4D /* DashboardItemData.swift in Sources */ = {isa = PBXBuildFile; fileRef = 847D3C932419F73D00D11E4D /* DashboardItemData.swift */; };
		847D3C962419FD0400D11E4D /* DashboardVO.swift in Sources */ = {isa = PBXBuildFile; fileRef = 847D3C952419FD0400D11E4D /* DashboardVO.swift */; };
		8480ED6924212A8100E26568 /* WidgetGenerator.swift in Sources */ = {isa = PBXBuildFile; fileRef = 8480ED6824212A8100E26568 /* WidgetGenerator.swift */; };
		84AFCD9424134073002743D3 /* AppDelegate.swift in Sources */ = {isa = PBXBuildFile; fileRef = 84AFCD9324134073002743D3 /* AppDelegate.swift */; };
		84AFCD9824134073002743D3 /* DashboardViewController.swift in Sources */ = {isa = PBXBuildFile; fileRef = 84AFCD9724134073002743D3 /* DashboardViewController.swift */; };
		84AFCD9B24134073002743D3 /* Main.storyboard in Resources */ = {isa = PBXBuildFile; fileRef = 84AFCD9924134073002743D3 /* Main.storyboard */; };
		84AFCD9D24134074002743D3 /* Assets.xcassets in Resources */ = {isa = PBXBuildFile; fileRef = 84AFCD9C24134074002743D3 /* Assets.xcassets */; };
		84AFCDA024134074002743D3 /* LaunchScreen.storyboard in Resources */ = {isa = PBXBuildFile; fileRef = 84AFCD9E24134074002743D3 /* LaunchScreen.storyboard */; };
		84AFCDAB24134075002743D3 /* IMC_HRTests.swift in Sources */ = {isa = PBXBuildFile; fileRef = 84AFCDAA24134075002743D3 /* IMC_HRTests.swift */; };
		84AFCDB624134075002743D3 /* IMC_HRUITests.swift in Sources */ = {isa = PBXBuildFile; fileRef = 84AFCDB524134075002743D3 /* IMC_HRUITests.swift */; };
		84AFCDC5241344DD002743D3 /* Login.storyboard in Resources */ = {isa = PBXBuildFile; fileRef = 84AFCDC4241344DD002743D3 /* Login.storyboard */; };
		84AFCDC824134EF0002743D3 /* LoginViewController.swift in Sources */ = {isa = PBXBuildFile; fileRef = 84AFCDC724134EF0002743D3 /* LoginViewController.swift */; };
		84AFCDCA241353BF002743D3 /* Colors.xcassets in Resources */ = {isa = PBXBuildFile; fileRef = 84AFCDC9241353BF002743D3 /* Colors.xcassets */; };
		84AFCDCD2413A2AD002743D3 /* UIViewExtension.swift in Sources */ = {isa = PBXBuildFile; fileRef = 84AFCDCC2413A2AD002743D3 /* UIViewExtension.swift */; };
		84BE575E2413FC1800D9B121 /* Payslip.storyboard in Resources */ = {isa = PBXBuildFile; fileRef = 84BE575D2413FC1800D9B121 /* Payslip.storyboard */; };
		BA742835B329D9BB39206D18 /* Pods_IMC_HRTests.framework in Frameworks */ = {isa = PBXBuildFile; fileRef = 6618849199E54A35046CE01C /* Pods_IMC_HRTests.framework */; };
		CE234765206817B2E1FEA0FE /* Pods_IMC_HR_IMC_HRUITests.framework in Frameworks */ = {isa = PBXBuildFile; fileRef = 4375638528085247BE7BBC55 /* Pods_IMC_HR_IMC_HRUITests.framework */; };
		D4A578E5E6433860468F504F /* Pods_IMC_HR.framework in Frameworks */ = {isa = PBXBuildFile; fileRef = B493C2FD2425D15179B4AF15 /* Pods_IMC_HR.framework */; };
/* End PBXBuildFile section */

/* Begin PBXContainerItemProxy section */
		84AFCDA724134075002743D3 /* PBXContainerItemProxy */ = {
			isa = PBXContainerItemProxy;
			containerPortal = 84AFCD8824134073002743D3 /* Project object */;
			proxyType = 1;
			remoteGlobalIDString = 84AFCD8F24134073002743D3;
			remoteInfo = "IMC-HR";
		};
		84AFCDB224134075002743D3 /* PBXContainerItemProxy */ = {
			isa = PBXContainerItemProxy;
			containerPortal = 84AFCD8824134073002743D3 /* Project object */;
			proxyType = 1;
			remoteGlobalIDString = 84AFCD8F24134073002743D3;
			remoteInfo = "IMC-HR";
		};
/* End PBXContainerItemProxy section */

/* Begin PBXFileReference section */
		0C6928E4CB3853DA551443F0 /* Pods-IMC-HR-IMC-HRUITests.release.xcconfig */ = {isa = PBXFileReference; includeInIndex = 1; lastKnownFileType = text.xcconfig; name = "Pods-IMC-HR-IMC-HRUITests.release.xcconfig"; path = "Target Support Files/Pods-IMC-HR-IMC-HRUITests/Pods-IMC-HR-IMC-HRUITests.release.xcconfig"; sourceTree = "<group>"; };
		33A0BB181BCD7598C64A1839 /* Pods-IMC-HRTests.release.xcconfig */ = {isa = PBXFileReference; includeInIndex = 1; lastKnownFileType = text.xcconfig; name = "Pods-IMC-HRTests.release.xcconfig"; path = "Target Support Files/Pods-IMC-HRTests/Pods-IMC-HRTests.release.xcconfig"; sourceTree = "<group>"; };
		4375638528085247BE7BBC55 /* Pods_IMC_HR_IMC_HRUITests.framework */ = {isa = PBXFileReference; explicitFileType = wrapper.framework; includeInIndex = 0; path = Pods_IMC_HR_IMC_HRUITests.framework; sourceTree = BUILT_PRODUCTS_DIR; };
		5494FB99E08D2A989D32BFED /* Pods-IMC-HR.debug.xcconfig */ = {isa = PBXFileReference; includeInIndex = 1; lastKnownFileType = text.xcconfig; name = "Pods-IMC-HR.debug.xcconfig"; path = "Target Support Files/Pods-IMC-HR/Pods-IMC-HR.debug.xcconfig"; sourceTree = "<group>"; };
		6618849199E54A35046CE01C /* Pods_IMC_HRTests.framework */ = {isa = PBXFileReference; explicitFileType = wrapper.framework; includeInIndex = 0; path = Pods_IMC_HRTests.framework; sourceTree = BUILT_PRODUCTS_DIR; };
		6CF320FF60149194C3AA929E /* Pods-IMC-HR.release.xcconfig */ = {isa = PBXFileReference; includeInIndex = 1; lastKnownFileType = text.xcconfig; name = "Pods-IMC-HR.release.xcconfig"; path = "Target Support Files/Pods-IMC-HR/Pods-IMC-HR.release.xcconfig"; sourceTree = "<group>"; };
		842828A3241A860D00942584 /* AttendanceResponse.swift */ = {isa = PBXFileReference; lastKnownFileType = sourcecode.swift; path = AttendanceResponse.swift; sourceTree = "<group>"; };
		842FDEF524176ECC00E17C70 /* PayslipsViewController.swift */ = {isa = PBXFileReference; lastKnownFileType = sourcecode.swift; path = PayslipsViewController.swift; sourceTree = "<group>"; };
		842FDEF724176EEC00E17C70 /* PayslipDetailViewController.swift */ = {isa = PBXFileReference; lastKnownFileType = sourcecode.swift; path = PayslipDetailViewController.swift; sourceTree = "<group>"; };
		842FDEF924176F3800E17C70 /* LeaveApprovalViewController.swift */ = {isa = PBXFileReference; lastKnownFileType = sourcecode.swift; path = LeaveApprovalViewController.swift; sourceTree = "<group>"; };
		842FDEFB2417710800E17C70 /* AttendanceViewController.swift */ = {isa = PBXFileReference; lastKnownFileType = sourcecode.swift; path = AttendanceViewController.swift; sourceTree = "<group>"; };
		843C8829241F22260051A71B /* LeaveApprovalListResponse.swift */ = {isa = PBXFileReference; lastKnownFileType = sourcecode.swift; path = LeaveApprovalListResponse.swift; sourceTree = "<group>"; };
		8451D3CA241B2BCF00FE9500 /* PayslipResponse.swift */ = {isa = PBXFileReference; lastKnownFileType = sourcecode.swift; path = PayslipResponse.swift; sourceTree = "<group>"; };
		8451D3CC241B467B00FE9500 /* PayslipDetailResponse.swift */ = {isa = PBXFileReference; lastKnownFileType = sourcecode.swift; path = PayslipDetailResponse.swift; sourceTree = "<group>"; };
		8451D3CE241B4F8600FE9500 /* Objc-Bridge-Header.h */ = {isa = PBXFileReference; lastKnownFileType = sourcecode.c.h; path = "Objc-Bridge-Header.h"; sourceTree = "<group>"; };
		8466E7EF241D527000FCFD4D /* SiginResponse.swift */ = {isa = PBXFileReference; lastKnownFileType = sourcecode.swift; path = SiginResponse.swift; sourceTree = "<group>"; };
		846DA9812414C9BD003F7071 /* LeaveRequestViewController.swift */ = {isa = PBXFileReference; lastKnownFileType = sourcecode.swift; path = LeaveRequestViewController.swift; sourceTree = "<group>"; };
		846DA9832414C9E4003F7071 /* ProfileViewController.swift */ = {isa = PBXFileReference; lastKnownFileType = sourcecode.swift; path = ProfileViewController.swift; sourceTree = "<group>"; };
		846DA9892414CDAD003F7071 /* API.swift */ = {isa = PBXFileReference; lastKnownFileType = sourcecode.swift; path = API.swift; sourceTree = "<group>"; };
		846DA98B2414CDB8003F7071 /* Routes.swift */ = {isa = PBXFileReference; lastKnownFileType = sourcecode.swift; path = Routes.swift; sourceTree = "<group>"; };
		846DA98E24154993003F7071 /* LeaveApproval.storyboard */ = {isa = PBXFileReference; lastKnownFileType = file.storyboard; path = LeaveApproval.storyboard; sourceTree = "<group>"; };
		846DA9932415588C003F7071 /* Attendance.storyboard */ = {isa = PBXFileReference; lastKnownFileType = file.storyboard; path = Attendance.storyboard; sourceTree = "<group>"; };
		8472F9E024167BAA00819251 /* CustomAlertView.xib */ = {isa = PBXFileReference; lastKnownFileType = file.xib; path = CustomAlertView.xib; sourceTree = "<group>"; };
		8472F9E32416947F00819251 /* CustomAlertView.swift */ = {isa = PBXFileReference; lastKnownFileType = sourcecode.swift; path = CustomAlertView.swift; sourceTree = "<group>"; };
		847D3C8E2419DD6A00D11E4D /* DashboardResponse.swift */ = {isa = PBXFileReference; lastKnownFileType = sourcecode.swift; path = DashboardResponse.swift; sourceTree = "<group>"; };
		847D3C902419DEF400D11E4D /* DataFetcher.swift */ = {isa = PBXFileReference; lastKnownFileType = sourcecode.swift; path = DataFetcher.swift; sourceTree = "<group>"; };
		847D3C932419F73D00D11E4D /* DashboardItemData.swift */ = {isa = PBXFileReference; lastKnownFileType = sourcecode.swift; path = DashboardItemData.swift; sourceTree = "<group>"; };
		847D3C952419FD0400D11E4D /* DashboardVO.swift */ = {isa = PBXFileReference; lastKnownFileType = sourcecode.swift; path = DashboardVO.swift; sourceTree = "<group>"; };
		8480ED6824212A8100E26568 /* WidgetGenerator.swift */ = {isa = PBXFileReference; lastKnownFileType = sourcecode.swift; path = WidgetGenerator.swift; sourceTree = "<group>"; };
		84AFCD9024134073002743D3 /* IMC-HR.app */ = {isa = PBXFileReference; explicitFileType = wrapper.application; includeInIndex = 0; path = "IMC-HR.app"; sourceTree = BUILT_PRODUCTS_DIR; };
		84AFCD9324134073002743D3 /* AppDelegate.swift */ = {isa = PBXFileReference; lastKnownFileType = sourcecode.swift; path = AppDelegate.swift; sourceTree = "<group>"; };
		84AFCD9724134073002743D3 /* DashboardViewController.swift */ = {isa = PBXFileReference; lastKnownFileType = sourcecode.swift; path = DashboardViewController.swift; sourceTree = "<group>"; };
		84AFCD9A24134073002743D3 /* Base */ = {isa = PBXFileReference; lastKnownFileType = file.storyboard; name = Base; path = Base.lproj/Main.storyboard; sourceTree = "<group>"; };
		84AFCD9C24134074002743D3 /* Assets.xcassets */ = {isa = PBXFileReference; lastKnownFileType = folder.assetcatalog; path = Assets.xcassets; sourceTree = "<group>"; };
		84AFCD9F24134074002743D3 /* Base */ = {isa = PBXFileReference; lastKnownFileType = file.storyboard; name = Base; path = Base.lproj/LaunchScreen.storyboard; sourceTree = "<group>"; };
		84AFCDA124134074002743D3 /* Info.plist */ = {isa = PBXFileReference; lastKnownFileType = text.plist.xml; path = Info.plist; sourceTree = "<group>"; };
		84AFCDA624134075002743D3 /* IMC-HRTests.xctest */ = {isa = PBXFileReference; explicitFileType = wrapper.cfbundle; includeInIndex = 0; path = "IMC-HRTests.xctest"; sourceTree = BUILT_PRODUCTS_DIR; };
		84AFCDAA24134075002743D3 /* IMC_HRTests.swift */ = {isa = PBXFileReference; lastKnownFileType = sourcecode.swift; path = IMC_HRTests.swift; sourceTree = "<group>"; };
		84AFCDAC24134075002743D3 /* Info.plist */ = {isa = PBXFileReference; lastKnownFileType = text.plist.xml; path = Info.plist; sourceTree = "<group>"; };
		84AFCDB124134075002743D3 /* IMC-HRUITests.xctest */ = {isa = PBXFileReference; explicitFileType = wrapper.cfbundle; includeInIndex = 0; path = "IMC-HRUITests.xctest"; sourceTree = BUILT_PRODUCTS_DIR; };
		84AFCDB524134075002743D3 /* IMC_HRUITests.swift */ = {isa = PBXFileReference; lastKnownFileType = sourcecode.swift; path = IMC_HRUITests.swift; sourceTree = "<group>"; };
		84AFCDB724134075002743D3 /* Info.plist */ = {isa = PBXFileReference; lastKnownFileType = text.plist.xml; path = Info.plist; sourceTree = "<group>"; };
		84AFCDC4241344DD002743D3 /* Login.storyboard */ = {isa = PBXFileReference; lastKnownFileType = file.storyboard; path = Login.storyboard; sourceTree = "<group>"; };
		84AFCDC724134EF0002743D3 /* LoginViewController.swift */ = {isa = PBXFileReference; lastKnownFileType = sourcecode.swift; path = LoginViewController.swift; sourceTree = "<group>"; };
		84AFCDC9241353BF002743D3 /* Colors.xcassets */ = {isa = PBXFileReference; lastKnownFileType = folder.assetcatalog; path = Colors.xcassets; sourceTree = "<group>"; };
		84AFCDCC2413A2AD002743D3 /* UIViewExtension.swift */ = {isa = PBXFileReference; lastKnownFileType = sourcecode.swift; path = UIViewExtension.swift; sourceTree = "<group>"; };
		84BE575D2413FC1800D9B121 /* Payslip.storyboard */ = {isa = PBXFileReference; lastKnownFileType = file.storyboard; path = Payslip.storyboard; sourceTree = "<group>"; };
		9976CC564013D90AA3CE030A /* Pods-IMC-HR-IMC-HRUITests.debug.xcconfig */ = {isa = PBXFileReference; includeInIndex = 1; lastKnownFileType = text.xcconfig; name = "Pods-IMC-HR-IMC-HRUITests.debug.xcconfig"; path = "Target Support Files/Pods-IMC-HR-IMC-HRUITests/Pods-IMC-HR-IMC-HRUITests.debug.xcconfig"; sourceTree = "<group>"; };
		9D252D3A21B1084826DC6142 /* Pods-IMC-HRTests.debug.xcconfig */ = {isa = PBXFileReference; includeInIndex = 1; lastKnownFileType = text.xcconfig; name = "Pods-IMC-HRTests.debug.xcconfig"; path = "Target Support Files/Pods-IMC-HRTests/Pods-IMC-HRTests.debug.xcconfig"; sourceTree = "<group>"; };
		B493C2FD2425D15179B4AF15 /* Pods_IMC_HR.framework */ = {isa = PBXFileReference; explicitFileType = wrapper.framework; includeInIndex = 0; path = Pods_IMC_HR.framework; sourceTree = BUILT_PRODUCTS_DIR; };
/* End PBXFileReference section */

/* Begin PBXFrameworksBuildPhase section */
		84AFCD8D24134073002743D3 /* Frameworks */ = {
			isa = PBXFrameworksBuildPhase;
			buildActionMask = 2147483647;
			files = (
				D4A578E5E6433860468F504F /* Pods_IMC_HR.framework in Frameworks */,
			);
			runOnlyForDeploymentPostprocessing = 0;
		};
		84AFCDA324134075002743D3 /* Frameworks */ = {
			isa = PBXFrameworksBuildPhase;
			buildActionMask = 2147483647;
			files = (
				BA742835B329D9BB39206D18 /* Pods_IMC_HRTests.framework in Frameworks */,
			);
			runOnlyForDeploymentPostprocessing = 0;
		};
		84AFCDAE24134075002743D3 /* Frameworks */ = {
			isa = PBXFrameworksBuildPhase;
			buildActionMask = 2147483647;
			files = (
				CE234765206817B2E1FEA0FE /* Pods_IMC_HR_IMC_HRUITests.framework in Frameworks */,
			);
			runOnlyForDeploymentPostprocessing = 0;
		};
/* End PBXFrameworksBuildPhase section */

/* Begin PBXGroup section */
		22BCFDDA6D6979E25D0EAFC1 /* Frameworks */ = {
			isa = PBXGroup;
			children = (
				B493C2FD2425D15179B4AF15 /* Pods_IMC_HR.framework */,
				4375638528085247BE7BBC55 /* Pods_IMC_HR_IMC_HRUITests.framework */,
				6618849199E54A35046CE01C /* Pods_IMC_HRTests.framework */,
			);
			name = Frameworks;
			sourceTree = "<group>";
		};
		846DA9852414CD03003F7071 /* Network */ = {
			isa = PBXGroup;
			children = (
				846DA9882414CD71003F7071 /* Responses */,
				846DA9872414CD63003F7071 /* EndPoints */,
				847D3C902419DEF400D11E4D /* DataFetcher.swift */,
			);
			path = Network;
			sourceTree = "<group>";
		};
		846DA9862414CD32003F7071 /* Utilities */ = {
			isa = PBXGroup;
			children = (
				8451D3CE241B4F8600FE9500 /* Objc-Bridge-Header.h */,
				8480ED6824212A8100E26568 /* WidgetGenerator.swift */,
			);
			path = Utilities;
			sourceTree = "<group>";
		};
		846DA9872414CD63003F7071 /* EndPoints */ = {
			isa = PBXGroup;
			children = (
				846DA9892414CDAD003F7071 /* API.swift */,
				846DA98B2414CDB8003F7071 /* Routes.swift */,
			);
			path = EndPoints;
			sourceTree = "<group>";
		};
		846DA9882414CD71003F7071 /* Responses */ = {
			isa = PBXGroup;
			children = (
				847D3C8E2419DD6A00D11E4D /* DashboardResponse.swift */,
				842828A3241A860D00942584 /* AttendanceResponse.swift */,
				8451D3CA241B2BCF00FE9500 /* PayslipResponse.swift */,
				8451D3CC241B467B00FE9500 /* PayslipDetailResponse.swift */,
				8466E7EF241D527000FCFD4D /* SiginResponse.swift */,
				843C8829241F22260051A71B /* LeaveApprovalListResponse.swift */,
			);
			path = Responses;
			sourceTree = "<group>";
		};
		846DA98D2415496F003F7071 /* LeaveApproval */ = {
			isa = PBXGroup;
			children = (
				846DA98E24154993003F7071 /* LeaveApproval.storyboard */,
				842FDEF924176F3800E17C70 /* LeaveApprovalViewController.swift */,
			);
			path = LeaveApproval;
			sourceTree = "<group>";
		};
		846DA9922415577A003F7071 /* Attendance */ = {
			isa = PBXGroup;
			children = (
				846DA9932415588C003F7071 /* Attendance.storyboard */,
				842FDEFB2417710800E17C70 /* AttendanceViewController.swift */,
			);
			path = Attendance;
			sourceTree = "<group>";
		};
		8472F9DA24167B1E00819251 /* CustomAlert */ = {
			isa = PBXGroup;
			children = (
				8472F9E024167BAA00819251 /* CustomAlertView.xib */,
				8472F9E32416947F00819251 /* CustomAlertView.swift */,
			);
			path = CustomAlert;
			sourceTree = "<group>";
		};
		847D3C922419F6EA00D11E4D /* Models */ = {
			isa = PBXGroup;
			children = (
				847D3C932419F73D00D11E4D /* DashboardItemData.swift */,
				847D3C952419FD0400D11E4D /* DashboardVO.swift */,
			);
			path = Models;
			sourceTree = "<group>";
		};
		84AFCD8724134073002743D3 = {
			isa = PBXGroup;
			children = (
				84AFCD9224134073002743D3 /* IMC-HR */,
				84AFCDA924134075002743D3 /* IMC-HRTests */,
				84AFCDB424134075002743D3 /* IMC-HRUITests */,
				84AFCD9124134073002743D3 /* Products */,
				DDEC24C21B15795FFE81F37F /* Pods */,
				22BCFDDA6D6979E25D0EAFC1 /* Frameworks */,
			);
			sourceTree = "<group>";
		};
		84AFCD9124134073002743D3 /* Products */ = {
			isa = PBXGroup;
			children = (
				84AFCD9024134073002743D3 /* IMC-HR.app */,
				84AFCDA624134075002743D3 /* IMC-HRTests.xctest */,
				84AFCDB124134075002743D3 /* IMC-HRUITests.xctest */,
			);
			name = Products;
			sourceTree = "<group>";
		};
		84AFCD9224134073002743D3 /* IMC-HR */ = {
			isa = PBXGroup;
			children = (
				847D3C922419F6EA00D11E4D /* Models */,
				846DA9862414CD32003F7071 /* Utilities */,
				846DA9852414CD03003F7071 /* Network */,
				84AFCDC3241344A7002743D3 /* Login */,
				84BE575B2413FA8000D9B121 /* Main */,
				84AFCDCB2413A28C002743D3 /* Extensions */,
				84AFCD9324134073002743D3 /* AppDelegate.swift */,
				84AFCD9C24134074002743D3 /* Assets.xcassets */,
				84AFCDC9241353BF002743D3 /* Colors.xcassets */,
				84AFCD9E24134074002743D3 /* LaunchScreen.storyboard */,
				84AFCDA124134074002743D3 /* Info.plist */,
			);
			path = "IMC-HR";
			sourceTree = "<group>";
		};
		84AFCDA924134075002743D3 /* IMC-HRTests */ = {
			isa = PBXGroup;
			children = (
				84AFCDAA24134075002743D3 /* IMC_HRTests.swift */,
				84AFCDAC24134075002743D3 /* Info.plist */,
			);
			path = "IMC-HRTests";
			sourceTree = "<group>";
		};
		84AFCDB424134075002743D3 /* IMC-HRUITests */ = {
			isa = PBXGroup;
			children = (
				84AFCDB524134075002743D3 /* IMC_HRUITests.swift */,
				84AFCDB724134075002743D3 /* Info.plist */,
			);
			path = "IMC-HRUITests";
			sourceTree = "<group>";
		};
		84AFCDC3241344A7002743D3 /* Login */ = {
			isa = PBXGroup;
			children = (
				84AFCDC4241344DD002743D3 /* Login.storyboard */,
				84AFCDC724134EF0002743D3 /* LoginViewController.swift */,
			);
			path = Login;
			sourceTree = "<group>";
		};
		84AFCDC6241344E3002743D3 /* Dashboard */ = {
			isa = PBXGroup;
			children = (
				84AFCD9924134073002743D3 /* Main.storyboard */,
				84AFCD9724134073002743D3 /* DashboardViewController.swift */,
				846DA9812414C9BD003F7071 /* LeaveRequestViewController.swift */,
				846DA9832414C9E4003F7071 /* ProfileViewController.swift */,
			);
			path = Dashboard;
			sourceTree = "<group>";
		};
		84AFCDCB2413A28C002743D3 /* Extensions */ = {
			isa = PBXGroup;
			children = (
				8472F9DA24167B1E00819251 /* CustomAlert */,
				84AFCDCC2413A2AD002743D3 /* UIViewExtension.swift */,
			);
			path = Extensions;
			sourceTree = "<group>";
		};
		84BE575B2413FA8000D9B121 /* Main */ = {
			isa = PBXGroup;
			children = (
				846DA9922415577A003F7071 /* Attendance */,
				846DA98D2415496F003F7071 /* LeaveApproval */,
				84BE575C2413FAC300D9B121 /* Payslip */,
				84AFCDC6241344E3002743D3 /* Dashboard */,
			);
			path = Main;
			sourceTree = "<group>";
		};
		84BE575C2413FAC300D9B121 /* Payslip */ = {
			isa = PBXGroup;
			children = (
				84BE575D2413FC1800D9B121 /* Payslip.storyboard */,
				842FDEF524176ECC00E17C70 /* PayslipsViewController.swift */,
				842FDEF724176EEC00E17C70 /* PayslipDetailViewController.swift */,
			);
			path = Payslip;
			sourceTree = "<group>";
		};
		DDEC24C21B15795FFE81F37F /* Pods */ = {
			isa = PBXGroup;
			children = (
				5494FB99E08D2A989D32BFED /* Pods-IMC-HR.debug.xcconfig */,
				6CF320FF60149194C3AA929E /* Pods-IMC-HR.release.xcconfig */,
				9976CC564013D90AA3CE030A /* Pods-IMC-HR-IMC-HRUITests.debug.xcconfig */,
				0C6928E4CB3853DA551443F0 /* Pods-IMC-HR-IMC-HRUITests.release.xcconfig */,
				9D252D3A21B1084826DC6142 /* Pods-IMC-HRTests.debug.xcconfig */,
				33A0BB181BCD7598C64A1839 /* Pods-IMC-HRTests.release.xcconfig */,
			);
			path = Pods;
			sourceTree = "<group>";
		};
/* End PBXGroup section */

/* Begin PBXNativeTarget section */
		84AFCD8F24134073002743D3 /* IMC-HR */ = {
			isa = PBXNativeTarget;
			buildConfigurationList = 84AFCDBA24134075002743D3 /* Build configuration list for PBXNativeTarget "IMC-HR" */;
			buildPhases = (
				E94C51FF8815D08260A439DF /* [CP] Check Pods Manifest.lock */,
				84AFCD8C24134073002743D3 /* Sources */,
				84AFCD8D24134073002743D3 /* Frameworks */,
				84AFCD8E24134073002743D3 /* Resources */,
				C3984012DF3C2F318738B173 /* [CP] Embed Pods Frameworks */,
			);
			buildRules = (
			);
			dependencies = (
			);
			name = "IMC-HR";
			productName = "IMC-HR";
			productReference = 84AFCD9024134073002743D3 /* IMC-HR.app */;
			productType = "com.apple.product-type.application";
		};
		84AFCDA524134075002743D3 /* IMC-HRTests */ = {
			isa = PBXNativeTarget;
			buildConfigurationList = 84AFCDBD24134075002743D3 /* Build configuration list for PBXNativeTarget "IMC-HRTests" */;
			buildPhases = (
				C9326BF6EB208439010CC28D /* [CP] Check Pods Manifest.lock */,
				84AFCDA224134075002743D3 /* Sources */,
				84AFCDA324134075002743D3 /* Frameworks */,
				84AFCDA424134075002743D3 /* Resources */,
			);
			buildRules = (
			);
			dependencies = (
				84AFCDA824134075002743D3 /* PBXTargetDependency */,
			);
			name = "IMC-HRTests";
			productName = "IMC-HRTests";
			productReference = 84AFCDA624134075002743D3 /* IMC-HRTests.xctest */;
			productType = "com.apple.product-type.bundle.unit-test";
		};
		84AFCDB024134075002743D3 /* IMC-HRUITests */ = {
			isa = PBXNativeTarget;
			buildConfigurationList = 84AFCDC024134075002743D3 /* Build configuration list for PBXNativeTarget "IMC-HRUITests" */;
			buildPhases = (
				9CE84D50D0DA0632F38D72EB /* [CP] Check Pods Manifest.lock */,
				84AFCDAD24134075002743D3 /* Sources */,
				84AFCDAE24134075002743D3 /* Frameworks */,
				84AFCDAF24134075002743D3 /* Resources */,
				EF6585B9BF8BCDEA45B823FD /* [CP] Embed Pods Frameworks */,
			);
			buildRules = (
			);
			dependencies = (
				84AFCDB324134075002743D3 /* PBXTargetDependency */,
			);
			name = "IMC-HRUITests";
			productName = "IMC-HRUITests";
			productReference = 84AFCDB124134075002743D3 /* IMC-HRUITests.xctest */;
			productType = "com.apple.product-type.bundle.ui-testing";
		};
/* End PBXNativeTarget section */

/* Begin PBXProject section */
		84AFCD8824134073002743D3 /* Project object */ = {
			isa = PBXProject;
			attributes = {
				LastSwiftUpdateCheck = 1120;
				LastUpgradeCheck = 1120;
				ORGANIZATIONNAME = akp;
				TargetAttributes = {
					84AFCD8F24134073002743D3 = {
						CreatedOnToolsVersion = 11.2.1;
					};
					84AFCDA524134075002743D3 = {
						CreatedOnToolsVersion = 11.2.1;
						TestTargetID = 84AFCD8F24134073002743D3;
					};
					84AFCDB024134075002743D3 = {
						CreatedOnToolsVersion = 11.2.1;
						TestTargetID = 84AFCD8F24134073002743D3;
					};
				};
			};
			buildConfigurationList = 84AFCD8B24134073002743D3 /* Build configuration list for PBXProject "IMC-HR" */;
			compatibilityVersion = "Xcode 9.3";
			developmentRegion = en;
			hasScannedForEncodings = 0;
			knownRegions = (
				en,
				Base,
			);
			mainGroup = 84AFCD8724134073002743D3;
			productRefGroup = 84AFCD9124134073002743D3 /* Products */;
			projectDirPath = "";
			projectRoot = "";
			targets = (
				84AFCD8F24134073002743D3 /* IMC-HR */,
				84AFCDA524134075002743D3 /* IMC-HRTests */,
				84AFCDB024134075002743D3 /* IMC-HRUITests */,
			);
		};
/* End PBXProject section */

/* Begin PBXResourcesBuildPhase section */
		84AFCD8E24134073002743D3 /* Resources */ = {
			isa = PBXResourcesBuildPhase;
			buildActionMask = 2147483647;
			files = (
				8472F9E224167BAA00819251 /* CustomAlertView.xib in Resources */,
				84AFCDCA241353BF002743D3 /* Colors.xcassets in Resources */,
				846DA98F24154993003F7071 /* LeaveApproval.storyboard in Resources */,
				84AFCDC5241344DD002743D3 /* Login.storyboard in Resources */,
				84AFCDA024134074002743D3 /* LaunchScreen.storyboard in Resources */,
				84BE575E2413FC1800D9B121 /* Payslip.storyboard in Resources */,
				846DA9942415588C003F7071 /* Attendance.storyboard in Resources */,
				84AFCD9D24134074002743D3 /* Assets.xcassets in Resources */,
				84AFCD9B24134073002743D3 /* Main.storyboard in Resources */,
			);
			runOnlyForDeploymentPostprocessing = 0;
		};
		84AFCDA424134075002743D3 /* Resources */ = {
			isa = PBXResourcesBuildPhase;
			buildActionMask = 2147483647;
			files = (
			);
			runOnlyForDeploymentPostprocessing = 0;
		};
		84AFCDAF24134075002743D3 /* Resources */ = {
			isa = PBXResourcesBuildPhase;
			buildActionMask = 2147483647;
			files = (
			);
			runOnlyForDeploymentPostprocessing = 0;
		};
/* End PBXResourcesBuildPhase section */

/* Begin PBXShellScriptBuildPhase section */
		9CE84D50D0DA0632F38D72EB /* [CP] Check Pods Manifest.lock */ = {
			isa = PBXShellScriptBuildPhase;
			buildActionMask = 2147483647;
			files = (
			);
			inputFileListPaths = (
			);
			inputPaths = (
				"${PODS_PODFILE_DIR_PATH}/Podfile.lock",
				"${PODS_ROOT}/Manifest.lock",
			);
			name = "[CP] Check Pods Manifest.lock";
			outputFileListPaths = (
			);
			outputPaths = (
				"$(DERIVED_FILE_DIR)/Pods-IMC-HR-IMC-HRUITests-checkManifestLockResult.txt",
			);
			runOnlyForDeploymentPostprocessing = 0;
			shellPath = /bin/sh;
			shellScript = "diff \"${PODS_PODFILE_DIR_PATH}/Podfile.lock\" \"${PODS_ROOT}/Manifest.lock\" > /dev/null\nif [ $? != 0 ] ; then\n    # print error to STDERR\n    echo \"error: The sandbox is not in sync with the Podfile.lock. Run 'pod install' or update your CocoaPods installation.\" >&2\n    exit 1\nfi\n# This output is used by Xcode 'outputs' to avoid re-running this script phase.\necho \"SUCCESS\" > \"${SCRIPT_OUTPUT_FILE_0}\"\n";
			showEnvVarsInLog = 0;
		};
		C3984012DF3C2F318738B173 /* [CP] Embed Pods Frameworks */ = {
			isa = PBXShellScriptBuildPhase;
			buildActionMask = 2147483647;
			files = (
			);
			inputFileListPaths = (
				"${PODS_ROOT}/Target Support Files/Pods-IMC-HR/Pods-IMC-HR-frameworks-${CONFIGURATION}-input-files.xcfilelist",
			);
			name = "[CP] Embed Pods Frameworks";
			outputFileListPaths = (
				"${PODS_ROOT}/Target Support Files/Pods-IMC-HR/Pods-IMC-HR-frameworks-${CONFIGURATION}-output-files.xcfilelist",
			);
			runOnlyForDeploymentPostprocessing = 0;
			shellPath = /bin/sh;
			shellScript = "\"${PODS_ROOT}/Target Support Files/Pods-IMC-HR/Pods-IMC-HR-frameworks.sh\"\n";
			showEnvVarsInLog = 0;
		};
		C9326BF6EB208439010CC28D /* [CP] Check Pods Manifest.lock */ = {
			isa = PBXShellScriptBuildPhase;
			buildActionMask = 2147483647;
			files = (
			);
			inputFileListPaths = (
			);
			inputPaths = (
				"${PODS_PODFILE_DIR_PATH}/Podfile.lock",
				"${PODS_ROOT}/Manifest.lock",
			);
			name = "[CP] Check Pods Manifest.lock";
			outputFileListPaths = (
			);
			outputPaths = (
				"$(DERIVED_FILE_DIR)/Pods-IMC-HRTests-checkManifestLockResult.txt",
			);
			runOnlyForDeploymentPostprocessing = 0;
			shellPath = /bin/sh;
			shellScript = "diff \"${PODS_PODFILE_DIR_PATH}/Podfile.lock\" \"${PODS_ROOT}/Manifest.lock\" > /dev/null\nif [ $? != 0 ] ; then\n    # print error to STDERR\n    echo \"error: The sandbox is not in sync with the Podfile.lock. Run 'pod install' or update your CocoaPods installation.\" >&2\n    exit 1\nfi\n# This output is used by Xcode 'outputs' to avoid re-running this script phase.\necho \"SUCCESS\" > \"${SCRIPT_OUTPUT_FILE_0}\"\n";
			showEnvVarsInLog = 0;
		};
		E94C51FF8815D08260A439DF /* [CP] Check Pods Manifest.lock */ = {
			isa = PBXShellScriptBuildPhase;
			buildActionMask = 2147483647;
			files = (
			);
			inputFileListPaths = (
			);
			inputPaths = (
				"${PODS_PODFILE_DIR_PATH}/Podfile.lock",
				"${PODS_ROOT}/Manifest.lock",
			);
			name = "[CP] Check Pods Manifest.lock";
			outputFileListPaths = (
			);
			outputPaths = (
				"$(DERIVED_FILE_DIR)/Pods-IMC-HR-checkManifestLockResult.txt",
			);
			runOnlyForDeploymentPostprocessing = 0;
			shellPath = /bin/sh;
			shellScript = "diff \"${PODS_PODFILE_DIR_PATH}/Podfile.lock\" \"${PODS_ROOT}/Manifest.lock\" > /dev/null\nif [ $? != 0 ] ; then\n    # print error to STDERR\n    echo \"error: The sandbox is not in sync with the Podfile.lock. Run 'pod install' or update your CocoaPods installation.\" >&2\n    exit 1\nfi\n# This output is used by Xcode 'outputs' to avoid re-running this script phase.\necho \"SUCCESS\" > \"${SCRIPT_OUTPUT_FILE_0}\"\n";
			showEnvVarsInLog = 0;
		};
		EF6585B9BF8BCDEA45B823FD /* [CP] Embed Pods Frameworks */ = {
			isa = PBXShellScriptBuildPhase;
			buildActionMask = 2147483647;
			files = (
			);
			inputFileListPaths = (
				"${PODS_ROOT}/Target Support Files/Pods-IMC-HR-IMC-HRUITests/Pods-IMC-HR-IMC-HRUITests-frameworks-${CONFIGURATION}-input-files.xcfilelist",
			);
			name = "[CP] Embed Pods Frameworks";
			outputFileListPaths = (
				"${PODS_ROOT}/Target Support Files/Pods-IMC-HR-IMC-HRUITests/Pods-IMC-HR-IMC-HRUITests-frameworks-${CONFIGURATION}-output-files.xcfilelist",
			);
			runOnlyForDeploymentPostprocessing = 0;
			shellPath = /bin/sh;
			shellScript = "\"${PODS_ROOT}/Target Support Files/Pods-IMC-HR-IMC-HRUITests/Pods-IMC-HR-IMC-HRUITests-frameworks.sh\"\n";
			showEnvVarsInLog = 0;
		};
/* End PBXShellScriptBuildPhase section */

/* Begin PBXSourcesBuildPhase section */
		84AFCD8C24134073002743D3 /* Sources */ = {
			isa = PBXSourcesBuildPhase;
			buildActionMask = 2147483647;
			files = (
				847D3C912419DEF400D11E4D /* DataFetcher.swift in Sources */,
				842FDEFC2417710800E17C70 /* AttendanceViewController.swift in Sources */,
				8451D3CB241B2BCF00FE9500 /* PayslipResponse.swift in Sources */,
				847D3C8F2419DD6A00D11E4D /* DashboardResponse.swift in Sources */,
				843C882A241F22260051A71B /* LeaveApprovalListResponse.swift in Sources */,
				847D3C942419F73D00D11E4D /* DashboardItemData.swift in Sources */,
				846DA9842414C9E4003F7071 /* ProfileViewController.swift in Sources */,
				846DA98C2414CDB8003F7071 /* Routes.swift in Sources */,
				84AFCDC824134EF0002743D3 /* LoginViewController.swift in Sources */,
				8472F9E42416947F00819251 /* CustomAlertView.swift in Sources */,
				84AFCD9824134073002743D3 /* DashboardViewController.swift in Sources */,
				847D3C962419FD0400D11E4D /* DashboardVO.swift in Sources */,
				8466E7F0241D527000FCFD4D /* SiginResponse.swift in Sources */,
				842FDEF624176ECC00E17C70 /* PayslipsViewController.swift in Sources */,
				84AFCDCD2413A2AD002743D3 /* UIViewExtension.swift in Sources */,
				84AFCD9424134073002743D3 /* AppDelegate.swift in Sources */,
				842828A4241A860D00942584 /* AttendanceResponse.swift in Sources */,
				846DA9822414C9BD003F7071 /* LeaveRequestViewController.swift in Sources */,
				8480ED6924212A8100E26568 /* WidgetGenerator.swift in Sources */,
				846DA98A2414CDAD003F7071 /* API.swift in Sources */,
				842FDEF824176EEC00E17C70 /* PayslipDetailViewController.swift in Sources */,
				8451D3CD241B467B00FE9500 /* PayslipDetailResponse.swift in Sources */,
				842FDEFA24176F3800E17C70 /* LeaveApprovalViewController.swift in Sources */,
			);
			runOnlyForDeploymentPostprocessing = 0;
		};
		84AFCDA224134075002743D3 /* Sources */ = {
			isa = PBXSourcesBuildPhase;
			buildActionMask = 2147483647;
			files = (
				84AFCDAB24134075002743D3 /* IMC_HRTests.swift in Sources */,
			);
			runOnlyForDeploymentPostprocessing = 0;
		};
		84AFCDAD24134075002743D3 /* Sources */ = {
			isa = PBXSourcesBuildPhase;
			buildActionMask = 2147483647;
			files = (
				84AFCDB624134075002743D3 /* IMC_HRUITests.swift in Sources */,
			);
			runOnlyForDeploymentPostprocessing = 0;
		};
/* End PBXSourcesBuildPhase section */

/* Begin PBXTargetDependency section */
		84AFCDA824134075002743D3 /* PBXTargetDependency */ = {
			isa = PBXTargetDependency;
			target = 84AFCD8F24134073002743D3 /* IMC-HR */;
			targetProxy = 84AFCDA724134075002743D3 /* PBXContainerItemProxy */;
		};
		84AFCDB324134075002743D3 /* PBXTargetDependency */ = {
			isa = PBXTargetDependency;
			target = 84AFCD8F24134073002743D3 /* IMC-HR */;
			targetProxy = 84AFCDB224134075002743D3 /* PBXContainerItemProxy */;
		};
/* End PBXTargetDependency section */

/* Begin PBXVariantGroup section */
		84AFCD9924134073002743D3 /* Main.storyboard */ = {
			isa = PBXVariantGroup;
			children = (
				84AFCD9A24134073002743D3 /* Base */,
			);
			name = Main.storyboard;
			sourceTree = "<group>";
		};
		84AFCD9E24134074002743D3 /* LaunchScreen.storyboard */ = {
			isa = PBXVariantGroup;
			children = (
				84AFCD9F24134074002743D3 /* Base */,
			);
			name = LaunchScreen.storyboard;
			sourceTree = "<group>";
		};
/* End PBXVariantGroup section */

/* Begin XCBuildConfiguration section */
		84AFCDB824134075002743D3 /* Debug */ = {
			isa = XCBuildConfiguration;
			buildSettings = {
				ALWAYS_SEARCH_USER_PATHS = NO;
				CLANG_ANALYZER_NONNULL = YES;
				CLANG_ANALYZER_NUMBER_OBJECT_CONVERSION = YES_AGGRESSIVE;
				CLANG_CXX_LANGUAGE_STANDARD = "gnu++14";
				CLANG_CXX_LIBRARY = "libc++";
				CLANG_ENABLE_MODULES = YES;
				CLANG_ENABLE_OBJC_ARC = YES;
				CLANG_ENABLE_OBJC_WEAK = YES;
				CLANG_WARN_BLOCK_CAPTURE_AUTORELEASING = YES;
				CLANG_WARN_BOOL_CONVERSION = YES;
				CLANG_WARN_COMMA = YES;
				CLANG_WARN_CONSTANT_CONVERSION = YES;
				CLANG_WARN_DEPRECATED_OBJC_IMPLEMENTATIONS = YES;
				CLANG_WARN_DIRECT_OBJC_ISA_USAGE = YES_ERROR;
				CLANG_WARN_DOCUMENTATION_COMMENTS = YES;
				CLANG_WARN_EMPTY_BODY = YES;
				CLANG_WARN_ENUM_CONVERSION = YES;
				CLANG_WARN_INFINITE_RECURSION = YES;
				CLANG_WARN_INT_CONVERSION = YES;
				CLANG_WARN_NON_LITERAL_NULL_CONVERSION = YES;
				CLANG_WARN_OBJC_IMPLICIT_RETAIN_SELF = YES;
				CLANG_WARN_OBJC_LITERAL_CONVERSION = YES;
				CLANG_WARN_OBJC_ROOT_CLASS = YES_ERROR;
				CLANG_WARN_RANGE_LOOP_ANALYSIS = YES;
				CLANG_WARN_STRICT_PROTOTYPES = YES;
				CLANG_WARN_SUSPICIOUS_MOVE = YES;
				CLANG_WARN_UNGUARDED_AVAILABILITY = YES_AGGRESSIVE;
				CLANG_WARN_UNREACHABLE_CODE = YES;
				CLANG_WARN__DUPLICATE_METHOD_MATCH = YES;
				COPY_PHASE_STRIP = NO;
				DEBUG_INFORMATION_FORMAT = dwarf;
				ENABLE_STRICT_OBJC_MSGSEND = YES;
				ENABLE_TESTABILITY = YES;
				GCC_C_LANGUAGE_STANDARD = gnu11;
				GCC_DYNAMIC_NO_PIC = NO;
				GCC_NO_COMMON_BLOCKS = YES;
				GCC_OPTIMIZATION_LEVEL = 0;
				GCC_PREPROCESSOR_DEFINITIONS = (
					"DEBUG=1",
					"$(inherited)",
				);
				GCC_WARN_64_TO_32_BIT_CONVERSION = YES;
				GCC_WARN_ABOUT_RETURN_TYPE = YES_ERROR;
				GCC_WARN_UNDECLARED_SELECTOR = YES;
				GCC_WARN_UNINITIALIZED_AUTOS = YES_AGGRESSIVE;
				GCC_WARN_UNUSED_FUNCTION = YES;
				GCC_WARN_UNUSED_VARIABLE = YES;
				IPHONEOS_DEPLOYMENT_TARGET = 12.0;
				MTL_ENABLE_DEBUG_INFO = INCLUDE_SOURCE;
				MTL_FAST_MATH = YES;
				ONLY_ACTIVE_ARCH = YES;
				SDKROOT = iphoneos;
				SWIFT_ACTIVE_COMPILATION_CONDITIONS = DEBUG;
				SWIFT_OPTIMIZATION_LEVEL = "-Onone";
			};
			name = Debug;
		};
		84AFCDB924134075002743D3 /* Release */ = {
			isa = XCBuildConfiguration;
			buildSettings = {
				ALWAYS_SEARCH_USER_PATHS = NO;
				CLANG_ANALYZER_NONNULL = YES;
				CLANG_ANALYZER_NUMBER_OBJECT_CONVERSION = YES_AGGRESSIVE;
				CLANG_CXX_LANGUAGE_STANDARD = "gnu++14";
				CLANG_CXX_LIBRARY = "libc++";
				CLANG_ENABLE_MODULES = YES;
				CLANG_ENABLE_OBJC_ARC = YES;
				CLANG_ENABLE_OBJC_WEAK = YES;
				CLANG_WARN_BLOCK_CAPTURE_AUTORELEASING = YES;
				CLANG_WARN_BOOL_CONVERSION = YES;
				CLANG_WARN_COMMA = YES;
				CLANG_WARN_CONSTANT_CONVERSION = YES;
				CLANG_WARN_DEPRECATED_OBJC_IMPLEMENTATIONS = YES;
				CLANG_WARN_DIRECT_OBJC_ISA_USAGE = YES_ERROR;
				CLANG_WARN_DOCUMENTATION_COMMENTS = YES;
				CLANG_WARN_EMPTY_BODY = YES;
				CLANG_WARN_ENUM_CONVERSION = YES;
				CLANG_WARN_INFINITE_RECURSION = YES;
				CLANG_WARN_INT_CONVERSION = YES;
				CLANG_WARN_NON_LITERAL_NULL_CONVERSION = YES;
				CLANG_WARN_OBJC_IMPLICIT_RETAIN_SELF = YES;
				CLANG_WARN_OBJC_LITERAL_CONVERSION = YES;
				CLANG_WARN_OBJC_ROOT_CLASS = YES_ERROR;
				CLANG_WARN_RANGE_LOOP_ANALYSIS = YES;
				CLANG_WARN_STRICT_PROTOTYPES = YES;
				CLANG_WARN_SUSPICIOUS_MOVE = YES;
				CLANG_WARN_UNGUARDED_AVAILABILITY = YES_AGGRESSIVE;
				CLANG_WARN_UNREACHABLE_CODE = YES;
				CLANG_WARN__DUPLICATE_METHOD_MATCH = YES;
				COPY_PHASE_STRIP = NO;
				DEBUG_INFORMATION_FORMAT = "dwarf-with-dsym";
				ENABLE_NS_ASSERTIONS = NO;
				ENABLE_STRICT_OBJC_MSGSEND = YES;
				GCC_C_LANGUAGE_STANDARD = gnu11;
				GCC_NO_COMMON_BLOCKS = YES;
				GCC_WARN_64_TO_32_BIT_CONVERSION = YES;
				GCC_WARN_ABOUT_RETURN_TYPE = YES_ERROR;
				GCC_WARN_UNDECLARED_SELECTOR = YES;
				GCC_WARN_UNINITIALIZED_AUTOS = YES_AGGRESSIVE;
				GCC_WARN_UNUSED_FUNCTION = YES;
				GCC_WARN_UNUSED_VARIABLE = YES;
				IPHONEOS_DEPLOYMENT_TARGET = 12.0;
				MTL_ENABLE_DEBUG_INFO = NO;
				MTL_FAST_MATH = YES;
				SDKROOT = iphoneos;
				SWIFT_COMPILATION_MODE = wholemodule;
				SWIFT_OPTIMIZATION_LEVEL = "-O";
				VALIDATE_PRODUCT = YES;
			};
			name = Release;
		};
		84AFCDBB24134075002743D3 /* Debug */ = {
			isa = XCBuildConfiguration;
			baseConfigurationReference = 5494FB99E08D2A989D32BFED /* Pods-IMC-HR.debug.xcconfig */;
			buildSettings = {
				ASSETCATALOG_COMPILER_APPICON_NAME = AppIcon;
				CODE_SIGN_STYLE = Automatic;
				DEFINES_MODULE = NO;
				DEVELOPMENT_TEAM = TK22U6U79B;
				INFOPLIST_FILE = "IMC-HR/Info.plist";
				LD_RUNPATH_SEARCH_PATHS = (
					"$(inherited)",
					"@executable_path/Frameworks",
				);
				PRODUCT_BUNDLE_IDENTIFIER = "com.akp.IMC-HR";
				PRODUCT_NAME = "$(TARGET_NAME)";
				SWIFT_OBJC_BRIDGING_HEADER = "$(SRCROOT)/IMC-HR/Utilities/Objc-Bridge-Header.h";
				SWIFT_VERSION = 5.0;
				TARGETED_DEVICE_FAMILY = "1,2";
			};
			name = Debug;
		};
		84AFCDBC24134075002743D3 /* Release */ = {
			isa = XCBuildConfiguration;
			baseConfigurationReference = 6CF320FF60149194C3AA929E /* Pods-IMC-HR.release.xcconfig */;
			buildSettings = {
				ASSETCATALOG_COMPILER_APPICON_NAME = AppIcon;
				CODE_SIGN_STYLE = Automatic;
				DEFINES_MODULE = NO;
				DEVELOPMENT_TEAM = TK22U6U79B;
				INFOPLIST_FILE = "IMC-HR/Info.plist";
				LD_RUNPATH_SEARCH_PATHS = (
					"$(inherited)",
					"@executable_path/Frameworks",
				);
				PRODUCT_BUNDLE_IDENTIFIER = "com.akp.IMC-HR";
				PRODUCT_NAME = "$(TARGET_NAME)";
				SWIFT_OBJC_BRIDGING_HEADER = "$(SRCROOT)/IMC-HR/Utilities/Objc-Bridge-Header.h";
				SWIFT_VERSION = 5.0;
				TARGETED_DEVICE_FAMILY = "1,2";
			};
			name = Release;
		};
		84AFCDBE24134075002743D3 /* Debug */ = {
			isa = XCBuildConfiguration;
			baseConfigurationReference = 9D252D3A21B1084826DC6142 /* Pods-IMC-HRTests.debug.xcconfig */;
			buildSettings = {
				ALWAYS_EMBED_SWIFT_STANDARD_LIBRARIES = YES;
				BUNDLE_LOADER = "$(TEST_HOST)";
				CODE_SIGN_STYLE = Automatic;
				DEVELOPMENT_TEAM = SPDJ298L96;
				INFOPLIST_FILE = "IMC-HRTests/Info.plist";
				IPHONEOS_DEPLOYMENT_TARGET = 13.2;
				LD_RUNPATH_SEARCH_PATHS = (
					"$(inherited)",
					"@executable_path/Frameworks",
					"@loader_path/Frameworks",
				);
				PRODUCT_BUNDLE_IDENTIFIER = "com.akp.IMC-HRTests";
				PRODUCT_NAME = "$(TARGET_NAME)";
				SWIFT_VERSION = 5.0;
				TARGETED_DEVICE_FAMILY = "1,2";
				TEST_HOST = "$(BUILT_PRODUCTS_DIR)/IMC-HR.app/IMC-HR";
			};
			name = Debug;
		};
		84AFCDBF24134075002743D3 /* Release */ = {
			isa = XCBuildConfiguration;
			baseConfigurationReference = 33A0BB181BCD7598C64A1839 /* Pods-IMC-HRTests.release.xcconfig */;
			buildSettings = {
				ALWAYS_EMBED_SWIFT_STANDARD_LIBRARIES = YES;
				BUNDLE_LOADER = "$(TEST_HOST)";
				CODE_SIGN_STYLE = Automatic;
				DEVELOPMENT_TEAM = SPDJ298L96;
				INFOPLIST_FILE = "IMC-HRTests/Info.plist";
				IPHONEOS_DEPLOYMENT_TARGET = 13.2;
				LD_RUNPATH_SEARCH_PATHS = (
					"$(inherited)",
					"@executable_path/Frameworks",
					"@loader_path/Frameworks",
				);
				PRODUCT_BUNDLE_IDENTIFIER = "com.akp.IMC-HRTests";
				PRODUCT_NAME = "$(TARGET_NAME)";
				SWIFT_VERSION = 5.0;
				TARGETED_DEVICE_FAMILY = "1,2";
				TEST_HOST = "$(BUILT_PRODUCTS_DIR)/IMC-HR.app/IMC-HR";
			};
			name = Release;
		};
		84AFCDC124134075002743D3 /* Debug */ = {
			isa = XCBuildConfiguration;
			baseConfigurationReference = 9976CC564013D90AA3CE030A /* Pods-IMC-HR-IMC-HRUITests.debug.xcconfig */;
			buildSettings = {
				ALWAYS_EMBED_SWIFT_STANDARD_LIBRARIES = YES;
				CODE_SIGN_STYLE = Automatic;
				DEVELOPMENT_TEAM = SPDJ298L96;
				INFOPLIST_FILE = "IMC-HRUITests/Info.plist";
				LD_RUNPATH_SEARCH_PATHS = (
					"$(inherited)",
					"@executable_path/Frameworks",
					"@loader_path/Frameworks",
				);
				PRODUCT_BUNDLE_IDENTIFIER = "com.akp.IMC-HRUITests";
				PRODUCT_NAME = "$(TARGET_NAME)";
				SWIFT_VERSION = 5.0;
				TARGETED_DEVICE_FAMILY = "1,2";
				TEST_TARGET_NAME = "IMC-HR";
			};
			name = Debug;
		};
		84AFCDC224134075002743D3 /* Release */ = {
			isa = XCBuildConfiguration;
			baseConfigurationReference = 0C6928E4CB3853DA551443F0 /* Pods-IMC-HR-IMC-HRUITests.release.xcconfig */;
			buildSettings = {
				ALWAYS_EMBED_SWIFT_STANDARD_LIBRARIES = YES;
				CODE_SIGN_STYLE = Automatic;
				DEVELOPMENT_TEAM = SPDJ298L96;
				INFOPLIST_FILE = "IMC-HRUITests/Info.plist";
				LD_RUNPATH_SEARCH_PATHS = (
					"$(inherited)",
					"@executable_path/Frameworks",
					"@loader_path/Frameworks",
				);
				PRODUCT_BUNDLE_IDENTIFIER = "com.akp.IMC-HRUITests";
				PRODUCT_NAME = "$(TARGET_NAME)";
				SWIFT_VERSION = 5.0;
				TARGETED_DEVICE_FAMILY = "1,2";
				TEST_TARGET_NAME = "IMC-HR";
			};
			name = Release;
		};
/* End XCBuildConfiguration section */

/* Begin XCConfigurationList section */
		84AFCD8B24134073002743D3 /* Build configuration list for PBXProject "IMC-HR" */ = {
			isa = XCConfigurationList;
			buildConfigurations = (
				84AFCDB824134075002743D3 /* Debug */,
				84AFCDB924134075002743D3 /* Release */,
			);
			defaultConfigurationIsVisible = 0;
			defaultConfigurationName = Release;
		};
		84AFCDBA24134075002743D3 /* Build configuration list for PBXNativeTarget "IMC-HR" */ = {
			isa = XCConfigurationList;
			buildConfigurations = (
				84AFCDBB24134075002743D3 /* Debug */,
				84AFCDBC24134075002743D3 /* Release */,
			);
			defaultConfigurationIsVisible = 0;
			defaultConfigurationName = Release;
		};
		84AFCDBD24134075002743D3 /* Build configuration list for PBXNativeTarget "IMC-HRTests" */ = {
			isa = XCConfigurationList;
			buildConfigurations = (
				84AFCDBE24134075002743D3 /* Debug */,
				84AFCDBF24134075002743D3 /* Release */,
			);
			defaultConfigurationIsVisible = 0;
			defaultConfigurationName = Release;
		};
		84AFCDC024134075002743D3 /* Build configuration list for PBXNativeTarget "IMC-HRUITests" */ = {
			isa = XCConfigurationList;
			buildConfigurations = (
				84AFCDC124134075002743D3 /* Debug */,
				84AFCDC224134075002743D3 /* Release */,
			);
			defaultConfigurationIsVisible = 0;
			defaultConfigurationName = Release;
		};
/* End XCConfigurationList section */
	};
	rootObject = 84AFCD8824134073002743D3 /* Project object */;
}
